
Microsoft Visual Studio Solution File, Format Version 12.00
Project("{2150E333-8FDC-42A3-9474-1A3956D46DE8}") = "Dataisland", "Dataisland", "{778A1DAA-1F72-48EC-9C56-C9D592412E31}"
EndProject
Project("{FAE04EC0-301F-11D3-BF4B-00C04F79EFBC}") = "Dataisland.Serilog", "Dataisland.Serilog\Dataisland.Serilog.csproj", "{F14E41A7-9DA8-4FC1-A853-8638C53CECB9}"
EndProject
Project("{FAE04EC0-301F-11D3-BF4B-00C04F79EFBC}") = "Dataisland.Metrics", "Dataisland.Metrics\Dataisland.Metrics.csproj", "{1AC6AE43-BF20-4E93-9533-6BA7121A04DA}"
EndProject
Project("{FAE04EC0-301F-11D3-BF4B-00C04F79EFBC}") = "Dataisland.MongoDB", "Dataisland.MongoDB\Dataisland.MongoDB.csproj", "{79551C56-FEC4-43A6-8A35-576C61E9230A}"
EndProject
Project("{FAE04EC0-301F-11D3-BF4B-00C04F79EFBC}") = "Dataisland.Sentry", "Dataisland.Sentry\Dataisland.Sentry.csproj", "{2C6FB9AB-ADB4-4DBE-B0C7-2E3BD42AE16C}"
EndProject
Project("{FAE04EC0-301F-11D3-BF4B-00C04F79EFBC}") = "Dataisland.Redis", "Dataisland.Redis\Dataisland.Redis.csproj", "{1EFEBB97-3EEB-4332-ADE2-297B0E0B9A0B}"
EndProject
Project("{FAE04EC0-301F-11D3-BF4B-00C04F79EFBC}") = "Dataisland.HealthCheck", "Dataisland.HealthCheck\Dataisland.HealthCheck.csproj", "{6AB3F52F-BC4E-4AA2-A771-14E0E3C49D21}"
EndProject
Project("{FAE04EC0-301F-11D3-BF4B-00C04F79EFBC}") = "Dataisland.Startup", "Dataisland.Startup\Dataisland.Startup.csproj", "{3BD3C067-70CE-41F5-82F3-DEF080456CDA}"
EndProject
Project("{FAE04EC0-301F-11D3-BF4B-00C04F79EFBC}") = "Dataisland.Exceptions", "Dataisland.Exceptions\Dataisland.Exceptions.csproj", "{3C586664-7291-444E-BCD8-A7616D9AB5AD}"
EndProject
Project("{FAE04EC0-301F-11D3-BF4B-00C04F79EFBC}") = "Dataisland.Infrastructure", "Dataisland.Infrastructure\Dataisland.Infrastructure.csproj", "{A2D3986F-CD7A-4CD2-90BC-F65BBAE12CA2}"
EndProject
Project("{FAE04EC0-301F-11D3-BF4B-00C04F79EFBC}") = "Dataisland.Cache", "Dataisland.Cache\Dataisland.Cache.csproj", "{9A2941FB-A41D-4987-9094-74C3D90985A7}"
EndProject
Project("{FAE04EC0-301F-11D3-BF4B-00C04F79EFBC}") = "Dataisland.MQ", "Dataisland.MQ\Dataisland.MQ.csproj", "{70F81CD6-4530-4E34-9B8A-74E9EE66C962}"
EndProject
Project("{FAE04EC0-301F-11D3-BF4B-00C04F79EFBC}") = "Dataisland.Swagger", "Dataisland.Swagger\Dataisland.Swagger.csproj", "{1102480D-26CA-40BA-96D9-1BB7A3B53ABB}"
EndProject
Project("{FAE04EC0-301F-11D3-BF4B-00C04F79EFBC}") = "Dataisland.Policies", "Dataisland.Policies\Dataisland.Policies.csproj", "{E4434349-4F05-4FE1-AE7B-84496AE1224E}"
EndProject
Project("{FAE04EC0-301F-11D3-BF4B-00C04F79EFBC}") = "Dataisland.Configuration", "Dataisland.Configuration\Dataisland.Configuration.csproj", "{A0AC0ABC-4DB7-4C35-908F-7EB515E137F4}"
EndProject
Project("{FAE04EC0-301F-11D3-BF4B-00C04F79EFBC}") = "Dataisland.Organizations", "Dataisland.Organizations\Dataisland.Organizations.csproj", "{791AB27C-DB35-4F44-913E-45E86BCF2048}"
EndProject
Project("{FAE04EC0-301F-11D3-BF4B-00C04F79EFBC}") = "Dataisland.Account", "Dataisland.Account\Dataisland.Account.csproj", "{0CDB606A-4FB8-4EED-AEB1-6A9512C17004}"
EndProject
Project("{FAE04EC0-301F-11D3-BF4B-00C04F79EFBC}") = "Dataisland.PostgreSQL", "Dataisland.PostgreSQL\Dataisland.PostgreSQL.csproj", "{D1F10541-42CA-417D-BAD2-54A86BDAD1DF}"
EndProject
Project("{FAE04EC0-301F-11D3-BF4B-00C04F79EFBC}") = "Dataisland.Policies.Extensions", "Dataisland.Policies.Extensions\Dataisland.Policies.Extensions.csproj", "{88063576-2ACE-4625-8C4B-65264FF5A693}"
EndProject
Project("{2150E333-8FDC-42A3-9474-1A3956D46DE8}") = "Tests", "Tests", "{21F52620-BA1E-45A6-B9B7-758E7A06BE35}"
EndProject
Project("{FAE04EC0-301F-11D3-BF4B-00C04F79EFBC}") = "Test.Dataisland.Policies", "Test.Dataisland.Policies\Test.Dataisland.Policies.csproj", "{55CF88E6-55D9-43EA-B142-3C4B4C9794AC}"
EndProject
Project("{FAE04EC0-301F-11D3-BF4B-00C04F79EFBC}") = "Dataisland.Policies.MongoDB", "Dataisland.Policies.MongoDB\Dataisland.Policies.MongoDB.csproj", "{305F9808-F2F4-43E6-A49F-5EC392577933}"
EndProject
Project("{2150E333-8FDC-42A3-9474-1A3956D46DE8}") = "Policies", "Policies", "{B1D0172F-EDCD-40BF-889C-1CA1F8CDB679}"
EndProject
Project("{2150E333-8FDC-42A3-9474-1A3956D46DE8}") = "Organizations", "Organizations", "{45540A9F-BA6A-4D55-83A2-B176362FF46C}"
EndProject
Project("{FAE04EC0-301F-11D3-BF4B-00C04F79EFBC}") = "Dataisland.Organizations.MongoDB", "Dataisland.Organizations.MongoDB\Dataisland.Organizations.MongoDB.csproj", "{3F3321BB-0A6C-474E-8D8F-CD6D1EEC4CE3}"
EndProject
Global
	GlobalSection(SolutionConfigurationPlatforms) = preSolution
		Debug|Any CPU = Debug|Any CPU
		Release|Any CPU = Release|Any CPU
	EndGlobalSection
	GlobalSection(ProjectConfigurationPlatforms) = postSolution
		{F14E41A7-9DA8-4FC1-A853-8638C53CECB9}.Debug|Any CPU.ActiveCfg = Debug|Any CPU
		{F14E41A7-9DA8-4FC1-A853-8638C53CECB9}.Debug|Any CPU.Build.0 = Debug|Any CPU
		{F14E41A7-9DA8-4FC1-A853-8638C53CECB9}.Release|Any CPU.ActiveCfg = Release|Any CPU
		{F14E41A7-9DA8-4FC1-A853-8638C53CECB9}.Release|Any CPU.Build.0 = Release|Any CPU
		{1AC6AE43-BF20-4E93-9533-6BA7121A04DA}.Debug|Any CPU.ActiveCfg = Debug|Any CPU
		{1AC6AE43-BF20-4E93-9533-6BA7121A04DA}.Debug|Any CPU.Build.0 = Debug|Any CPU
		{1AC6AE43-BF20-4E93-9533-6BA7121A04DA}.Release|Any CPU.ActiveCfg = Release|Any CPU
		{1AC6AE43-BF20-4E93-9533-6BA7121A04DA}.Release|Any CPU.Build.0 = Release|Any CPU
		{79551C56-FEC4-43A6-8A35-576C61E9230A}.Debug|Any CPU.ActiveCfg = Debug|Any CPU
		{79551C56-FEC4-43A6-8A35-576C61E9230A}.Debug|Any CPU.Build.0 = Debug|Any CPU
		{79551C56-FEC4-43A6-8A35-576C61E9230A}.Release|Any CPU.ActiveCfg = Release|Any CPU
		{79551C56-FEC4-43A6-8A35-576C61E9230A}.Release|Any CPU.Build.0 = Release|Any CPU
		{2C6FB9AB-ADB4-4DBE-B0C7-2E3BD42AE16C}.Debug|Any CPU.ActiveCfg = Debug|Any CPU
		{2C6FB9AB-ADB4-4DBE-B0C7-2E3BD42AE16C}.Debug|Any CPU.Build.0 = Debug|Any CPU
		{2C6FB9AB-ADB4-4DBE-B0C7-2E3BD42AE16C}.Release|Any CPU.ActiveCfg = Release|Any CPU
		{2C6FB9AB-ADB4-4DBE-B0C7-2E3BD42AE16C}.Release|Any CPU.Build.0 = Release|Any CPU
		{1EFEBB97-3EEB-4332-ADE2-297B0E0B9A0B}.Debug|Any CPU.ActiveCfg = Debug|Any CPU
		{1EFEBB97-3EEB-4332-ADE2-297B0E0B9A0B}.Debug|Any CPU.Build.0 = Debug|Any CPU
		{1EFEBB97-3EEB-4332-ADE2-297B0E0B9A0B}.Release|Any CPU.ActiveCfg = Release|Any CPU
		{1EFEBB97-3EEB-4332-ADE2-297B0E0B9A0B}.Release|Any CPU.Build.0 = Release|Any CPU
		{6AB3F52F-BC4E-4AA2-A771-14E0E3C49D21}.Debug|Any CPU.ActiveCfg = Debug|Any CPU
		{6AB3F52F-BC4E-4AA2-A771-14E0E3C49D21}.Debug|Any CPU.Build.0 = Debug|Any CPU
		{6AB3F52F-BC4E-4AA2-A771-14E0E3C49D21}.Release|Any CPU.ActiveCfg = Release|Any CPU
		{6AB3F52F-BC4E-4AA2-A771-14E0E3C49D21}.Release|Any CPU.Build.0 = Release|Any CPU
		{3BD3C067-70CE-41F5-82F3-DEF080456CDA}.Debug|Any CPU.ActiveCfg = Debug|Any CPU
		{3BD3C067-70CE-41F5-82F3-DEF080456CDA}.Debug|Any CPU.Build.0 = Debug|Any CPU
		{3BD3C067-70CE-41F5-82F3-DEF080456CDA}.Release|Any CPU.ActiveCfg = Release|Any CPU
		{3BD3C067-70CE-41F5-82F3-DEF080456CDA}.Release|Any CPU.Build.0 = Release|Any CPU
		{3C586664-7291-444E-BCD8-A7616D9AB5AD}.Debug|Any CPU.ActiveCfg = Debug|Any CPU
		{3C586664-7291-444E-BCD8-A7616D9AB5AD}.Debug|Any CPU.Build.0 = Debug|Any CPU
		{3C586664-7291-444E-BCD8-A7616D9AB5AD}.Release|Any CPU.ActiveCfg = Release|Any CPU
		{3C586664-7291-444E-BCD8-A7616D9AB5AD}.Release|Any CPU.Build.0 = Release|Any CPU
		{A2D3986F-CD7A-4CD2-90BC-F65BBAE12CA2}.Debug|Any CPU.ActiveCfg = Debug|Any CPU
		{A2D3986F-CD7A-4CD2-90BC-F65BBAE12CA2}.Debug|Any CPU.Build.0 = Debug|Any CPU
		{A2D3986F-CD7A-4CD2-90BC-F65BBAE12CA2}.Release|Any CPU.ActiveCfg = Release|Any CPU
		{A2D3986F-CD7A-4CD2-90BC-F65BBAE12CA2}.Release|Any CPU.Build.0 = Release|Any CPU
		{9A2941FB-A41D-4987-9094-74C3D90985A7}.Debug|Any CPU.ActiveCfg = Debug|Any CPU
		{9A2941FB-A41D-4987-9094-74C3D90985A7}.Debug|Any CPU.Build.0 = Debug|Any CPU
		{9A2941FB-A41D-4987-9094-74C3D90985A7}.Release|Any CPU.ActiveCfg = Release|Any CPU
		{9A2941FB-A41D-4987-9094-74C3D90985A7}.Release|Any CPU.Build.0 = Release|Any CPU
		{70F81CD6-4530-4E34-9B8A-74E9EE66C962}.Debug|Any CPU.ActiveCfg = Debug|Any CPU
		{70F81CD6-4530-4E34-9B8A-74E9EE66C962}.Debug|Any CPU.Build.0 = Debug|Any CPU
		{70F81CD6-4530-4E34-9B8A-74E9EE66C962}.Release|Any CPU.ActiveCfg = Release|Any CPU
		{70F81CD6-4530-4E34-9B8A-74E9EE66C962}.Release|Any CPU.Build.0 = Release|Any CPU
		{1102480D-26CA-40BA-96D9-1BB7A3B53ABB}.Debug|Any CPU.ActiveCfg = Debug|Any CPU
		{1102480D-26CA-40BA-96D9-1BB7A3B53ABB}.Debug|Any CPU.Build.0 = Debug|Any CPU
		{1102480D-26CA-40BA-96D9-1BB7A3B53ABB}.Release|Any CPU.ActiveCfg = Release|Any CPU
		{1102480D-26CA-40BA-96D9-1BB7A3B53ABB}.Release|Any CPU.Build.0 = Release|Any CPU
		{E4434349-4F05-4FE1-AE7B-84496AE1224E}.Debug|Any CPU.ActiveCfg = Debug|Any CPU
		{E4434349-4F05-4FE1-AE7B-84496AE1224E}.Debug|Any CPU.Build.0 = Debug|Any CPU
		{E4434349-4F05-4FE1-AE7B-84496AE1224E}.Release|Any CPU.ActiveCfg = Release|Any CPU
		{E4434349-4F05-4FE1-AE7B-84496AE1224E}.Release|Any CPU.Build.0 = Release|Any CPU
		{A0AC0ABC-4DB7-4C35-908F-7EB515E137F4}.Debug|Any CPU.ActiveCfg = Debug|Any CPU
		{A0AC0ABC-4DB7-4C35-908F-7EB515E137F4}.Debug|Any CPU.Build.0 = Debug|Any CPU
		{A0AC0ABC-4DB7-4C35-908F-7EB515E137F4}.Release|Any CPU.ActiveCfg = Release|Any CPU
		{A0AC0ABC-4DB7-4C35-908F-7EB515E137F4}.Release|Any CPU.Build.0 = Release|Any CPU
		{791AB27C-DB35-4F44-913E-45E86BCF2048}.Debug|Any CPU.ActiveCfg = Debug|Any CPU
		{791AB27C-DB35-4F44-913E-45E86BCF2048}.Debug|Any CPU.Build.0 = Debug|Any CPU
		{791AB27C-DB35-4F44-913E-45E86BCF2048}.Release|Any CPU.ActiveCfg = Release|Any CPU
		{791AB27C-DB35-4F44-913E-45E86BCF2048}.Release|Any CPU.Build.0 = Release|Any CPU
		{0CDB606A-4FB8-4EED-AEB1-6A9512C17004}.Debug|Any CPU.ActiveCfg = Debug|Any CPU
		{0CDB606A-4FB8-4EED-AEB1-6A9512C17004}.Debug|Any CPU.Build.0 = Debug|Any CPU
		{0CDB606A-4FB8-4EED-AEB1-6A9512C17004}.Release|Any CPU.ActiveCfg = Release|Any CPU
		{0CDB606A-4FB8-4EED-AEB1-6A9512C17004}.Release|Any CPU.Build.0 = Release|Any CPU
		{D1F10541-42CA-417D-BAD2-54A86BDAD1DF}.Debug|Any CPU.ActiveCfg = Debug|Any CPU
		{D1F10541-42CA-417D-BAD2-54A86BDAD1DF}.Debug|Any CPU.Build.0 = Debug|Any CPU
		{D1F10541-42CA-417D-BAD2-54A86BDAD1DF}.Release|Any CPU.ActiveCfg = Release|Any CPU
		{D1F10541-42CA-417D-BAD2-54A86BDAD1DF}.Release|Any CPU.Build.0 = Release|Any CPU
		{88063576-2ACE-4625-8C4B-65264FF5A693}.Debug|Any CPU.ActiveCfg = Debug|Any CPU
		{88063576-2ACE-4625-8C4B-65264FF5A693}.Debug|Any CPU.Build.0 = Debug|Any CPU
		{88063576-2ACE-4625-8C4B-65264FF5A693}.Release|Any CPU.ActiveCfg = Release|Any CPU
		{88063576-2ACE-4625-8C4B-65264FF5A693}.Release|Any CPU.Build.0 = Release|Any CPU
		{55CF88E6-55D9-43EA-B142-3C4B4C9794AC}.Debug|Any CPU.ActiveCfg = Debug|Any CPU
		{55CF88E6-55D9-43EA-B142-3C4B4C9794AC}.Debug|Any CPU.Build.0 = Debug|Any CPU
		{55CF88E6-55D9-43EA-B142-3C4B4C9794AC}.Release|Any CPU.ActiveCfg = Release|Any CPU
		{55CF88E6-55D9-43EA-B142-3C4B4C9794AC}.Release|Any CPU.Build.0 = Release|Any CPU
		{305F9808-F2F4-43E6-A49F-5EC392577933}.Debug|Any CPU.ActiveCfg = Debug|Any CPU
		{305F9808-F2F4-43E6-A49F-5EC392577933}.Debug|Any CPU.Build.0 = Debug|Any CPU
		{305F9808-F2F4-43E6-A49F-5EC392577933}.Release|Any CPU.ActiveCfg = Release|Any CPU
		{305F9808-F2F4-43E6-A49F-5EC392577933}.Release|Any CPU.Build.0 = Release|Any CPU
		{3F3321BB-0A6C-474E-8D8F-CD6D1EEC4CE3}.Debug|Any CPU.ActiveCfg = Debug|Any CPU
		{3F3321BB-0A6C-474E-8D8F-CD6D1EEC4CE3}.Debug|Any CPU.Build.0 = Debug|Any CPU
		{3F3321BB-0A6C-474E-8D8F-CD6D1EEC4CE3}.Release|Any CPU.ActiveCfg = Release|Any CPU
		{3F3321BB-0A6C-474E-8D8F-CD6D1EEC4CE3}.Release|Any CPU.Build.0 = Release|Any CPU
	EndGlobalSection
	GlobalSection(NestedProjects) = preSolution
		{F14E41A7-9DA8-4FC1-A853-8638C53CECB9} = {778A1DAA-1F72-48EC-9C56-C9D592412E31}
		{1AC6AE43-BF20-4E93-9533-6BA7121A04DA} = {778A1DAA-1F72-48EC-9C56-C9D592412E31}
		{79551C56-FEC4-43A6-8A35-576C61E9230A} = {778A1DAA-1F72-48EC-9C56-C9D592412E31}
		{2C6FB9AB-ADB4-4DBE-B0C7-2E3BD42AE16C} = {778A1DAA-1F72-48EC-9C56-C9D592412E31}
		{1EFEBB97-3EEB-4332-ADE2-297B0E0B9A0B} = {778A1DAA-1F72-48EC-9C56-C9D592412E31}
		{6AB3F52F-BC4E-4AA2-A771-14E0E3C49D21} = {778A1DAA-1F72-48EC-9C56-C9D592412E31}
		{3BD3C067-70CE-41F5-82F3-DEF080456CDA} = {778A1DAA-1F72-48EC-9C56-C9D592412E31}
		{3C586664-7291-444E-BCD8-A7616D9AB5AD} = {778A1DAA-1F72-48EC-9C56-C9D592412E31}
		{A2D3986F-CD7A-4CD2-90BC-F65BBAE12CA2} = {778A1DAA-1F72-48EC-9C56-C9D592412E31}
		{9A2941FB-A41D-4987-9094-74C3D90985A7} = {778A1DAA-1F72-48EC-9C56-C9D592412E31}
		{70F81CD6-4530-4E34-9B8A-74E9EE66C962} = {778A1DAA-1F72-48EC-9C56-C9D592412E31}
		{1102480D-26CA-40BA-96D9-1BB7A3B53ABB} = {778A1DAA-1F72-48EC-9C56-C9D592412E31}
		{A0AC0ABC-4DB7-4C35-908F-7EB515E137F4} = {778A1DAA-1F72-48EC-9C56-C9D592412E31}
		{0CDB606A-4FB8-4EED-AEB1-6A9512C17004} = {778A1DAA-1F72-48EC-9C56-C9D592412E31}
		{D1F10541-42CA-417D-BAD2-54A86BDAD1DF} = {778A1DAA-1F72-48EC-9C56-C9D592412E31}
		{55CF88E6-55D9-43EA-B142-3C4B4C9794AC} = {21F52620-BA1E-45A6-B9B7-758E7A06BE35}
		{B1D0172F-EDCD-40BF-889C-1CA1F8CDB679} = {778A1DAA-1F72-48EC-9C56-C9D592412E31}
		{E4434349-4F05-4FE1-AE7B-84496AE1224E} = {B1D0172F-EDCD-40BF-889C-1CA1F8CDB679}
		{305F9808-F2F4-43E6-A49F-5EC392577933} = {B1D0172F-EDCD-40BF-889C-1CA1F8CDB679}
		{45540A9F-BA6A-4D55-83A2-B176362FF46C} = {778A1DAA-1F72-48EC-9C56-C9D592412E31}
		{791AB27C-DB35-4F44-913E-45E86BCF2048} = {45540A9F-BA6A-4D55-83A2-B176362FF46C}
		{3F3321BB-0A6C-474E-8D8F-CD6D1EEC4CE3} = {45540A9F-BA6A-4D55-83A2-B176362FF46C}
		{88063576-2ACE-4625-8C4B-65264FF5A693} = {45540A9F-BA6A-4D55-83A2-B176362FF46C}
	EndGlobalSection
EndGlobal
